uuid: 1ca5d46f-ab6b-45f9-a617-05a54bbbaf0b
langcode: es
status: true
dependencies:
  config:
    - block_content.type.reusable_block
  module:
    - content_translation
third_party_settings:
  content_translation:
    enabled: false
    bundle_settings:
      untranslatable_fields_hide: '0'
id: block_content.reusable_block
target_entity_type_id: block_content
target_bundle: reusable_block
default_langcode: site_default
language_alterable: false
